// !$*UTF8*$!
{
	archiveVersion = 1;
	classes = {
	};
	objectVersion = 55;
	objects = {

/* Begin PBXBuildFile section */
		8A1234561234567800000001 /* FitJourneyApp.swift in Sources */ = {isa = PBXBuildFile; fileRef = 8A1234561234567800000002 /* FitJourneyApp.swift */; };
		8A1234561234567800000003 /* AuthViewModel.swift in Sources */ = {isa = PBXBuildFile; fileRef = 8A1234561234567800000004 /* AuthViewModel.swift */; };
		8A1234561234567800000005 /* WorkoutViewModel.swift in Sources */ = {isa = PBXBuildFile; fileRef = 8A1234561234567800000006 /* WorkoutViewModel.swift */; };
		8A1234561234567800000007 /* GoalViewModel.swift in Sources */ = {isa = PBXBuildFile; fileRef = 8A1234561234567800000008 /* GoalViewModel.swift */; };
		8A1234561234567800000009 /* MainTabView.swift in Sources */ = {isa = PBXBuildFile; fileRef = 8A1234561234567800000010 /* MainTabView.swift */; };
		8A1234561234567800000011 /* AuthView.swift in Sources */ = {isa = PBXBuildFile; fileRef = 8A1234561234567800000012 /* AuthView.swift */; };
		8A1234561234567800000013 /* SignInView.swift in Sources */ = {isa = PBXBuildFile; fileRef = 8A1234561234567800000014 /* SignInView.swift */; };
		8A1234561234567800000015 /* SignUpView.swift in Sources */ = {isa = PBXBuildFile; fileRef = 8A1234561234567800000016 /* SignUpView.swift */; };
		8A1234561234567800000017 /* DashboardView.swift in Sources */ = {isa = PBXBuildFile; fileRef = 8A1234561234567800000018 /* DashboardView.swift */; };
		8A1234561234567800000019 /* GoalsView.swift in Sources */ = {isa = PBXBuildFile; fileRef = 8A1234561234567800000020 /* GoalsView.swift */; };
		8A1234561234567800000021 /* GoalDetailView.swift in Sources */ = {isa = PBXBuildFile; fileRef = 8A1234561234567800000022 /* GoalDetailView.swift */; };
		8A1234561234567800000023 /* AddGoalView.swift in Sources */ = {isa = PBXBuildFile; fileRef = 8A1234561234567800000024 /* AddGoalView.swift */; };
		8A1234561234567800000025 /* WorkoutsView.swift in Sources */ = {isa = PBXBuildFile; fileRef = 8A1234561234567800000026 /* WorkoutsView.swift */; };
		8A1234561234567800000027 /* WorkoutDetailView.swift in Sources */ = {isa = PBXBuildFile; fileRef = 8A1234561234567800000028 /* WorkoutDetailView.swift */; };
		8A1234561234567800000029 /* AddWorkoutView.swift in Sources */ = {isa = PBXBuildFile; fileRef = 8A1234561234567800000030 /* AddWorkoutView.swift */; };
		8A1234561234567800000031 /* ProfileView.swift in Sources */ = {isa = PBXBuildFile; fileRef = 8A1234561234567800000032 /* ProfileView.swift */; };
/* End PBXBuildFile section */

/* Begin PBXFileReference section */
		8A1234561234567800000033 /* FitJourneyApp.app */ = {isa = PBXFileReference; explicitFileType = wrapper.application; includeInIndex = 0; path = FitJourneyApp.app; sourceTree = BUILT_PRODUCTS_DIR; };
		8A1234561234567800000002 /* FitJourneyApp.swift */ = {isa = PBXFileReference; lastKnownFileType = sourcecode.swift; path = FitJourneyApp.swift; sourceTree = "<group>"; };
		8A1234561234567800000004 /* AuthViewModel.swift */ = {isa = PBXFileReference; lastKnownFileType = sourcecode.swift; path = AuthViewModel.swift; sourceTree = "<group>"; };
		8A1234561234567800000006 /* WorkoutViewModel.swift */ = {isa = PBXFileReference; lastKnownFileType = sourcecode.swift; path = WorkoutViewModel.swift; sourceTree = "<group>"; };
		8A1234561234567800000008 /* GoalViewModel.swift */ = {isa = PBXFileReference; lastKnownFileType = sourcecode.swift; path = GoalViewModel.swift; sourceTree = "<group>"; };
		8A1234561234567800000010 /* MainTabView.swift */ = {isa = PBXFileReference; lastKnownFileType = sourcecode.swift; path = MainTabView.swift; sourceTree = "<group>"; };
		8A1234561234567800000012 /* AuthView.swift */ = {isa = PBXFileReference; lastKnownFileType = sourcecode.swift; path = AuthView.swift; sourceTree = "<group>"; };
		8A1234561234567800000014 /* SignInView.swift */ = {isa = PBXFileReference; lastKnownFileType = sourcecode.swift; path = SignInView.swift; sourceTree = "<group>"; };
		8A1234561234567800000016 /* SignUpView.swift */ = {isa = PBXFileReference; lastKnownFileType = sourcecode.swift; path = SignUpView.swift; sourceTree = "<group>"; };
		8A1234561234567800000018 /* DashboardView.swift */ = {isa = PBXFileReference; lastKnownFileType = sourcecode.swift; path = DashboardView.swift; sourceTree = "<group>"; };
		8A1234561234567800000020 /* GoalsView.swift */ = {isa = PBXFileReference; lastKnownFileType = sourcecode.swift; path = GoalsView.swift; sourceTree = "<group>"; };
		8A1234561234567800000022 /* GoalDetailView.swift */ = {isa = PBXFileReference; lastKnownFileType = sourcecode.swift; path = GoalDetailView.swift; sourceTree = "<group>"; };
		8A1234561234567800000024 /* AddGoalView.swift */ = {isa = PBXFileReference; lastKnownFileType = sourcecode.swift; path = AddGoalView.swift; sourceTree = "<group>"; };
		8A1234561234567800000026 /* WorkoutsView.swift */ = {isa = PBXFileReference; lastKnownFileType = sourcecode.swift; path = WorkoutsView.swift; sourceTree = "<group>"; };
		8A1234561234567800000028 /* WorkoutDetailView.swift */ = {isa = PBXFileReference; lastKnownFileType = sourcecode.swift; path = WorkoutDetailView.swift; sourceTree = "<group>"; };
		8A1234561234567800000030 /* AddWorkoutView.swift */ = {isa = PBXFileReference; lastKnownFileType = sourcecode.swift; path = AddWorkoutView.swift; sourceTree = "<group>"; };
		8A1234561234567800000032 /* ProfileView.swift */ = {isa = PBXFileReference; lastKnownFileType = sourcecode.swift; path = ProfileView.swift; sourceTree = "<group>"; };
/* End PBXFileReference section */

/* Begin PBXFrameworksBuildPhase section */
		8A1234561234567800000034 /* Frameworks */ = {
			isa = PBXFrameworksBuildPhase;
			buildActionMask = 2147483647;
			files = (
			);
			runOnlyForDeploymentPostprocessing = 0;
		};
/* End PBXFrameworksBuildPhase section */

/* Begin PBXGroup section */
		8A1234561234567800000035 = {
			isa = PBXGroup;
			children = (
				8A1234561234567800000036 /* FitJourneyApp */,
				8A1234561234567800000037 /* Products */,
			);
			sourceTree = "<group>";
		};
		8A1234561234567800000037 /* Products */ = {
			isa = PBXGroup;
			children = (
				8A1234561234567800000033 /* FitJourneyApp.app */,
			);
			name = Products;
			sourceTree = "<group>";
		};
		8A1234561234567800000036 /* FitJourneyApp */ = {
			isa = PBXGroup;
			children = (
				8A1234561234567800000002 /* FitJourneyApp.swift */,
				8A1234561234567800000038 /* ViewModels */,
				8A1234561234567800000039 /* Views */,
			);
			path = FitJourneyApp;
			sourceTree = "<group>";
		};
		8A1234561234567800000038 /* ViewModels */ = {
			isa = PBXGroup;
			children = (
				8A1234561234567800000004 /* AuthViewModel.swift */,
				8A1234561234567800000006 /* WorkoutViewModel.swift */,
				8A1234561234567800000008 /* GoalViewModel.swift */,
			);
			path = ViewModels;
			sourceTree = "<group>";
		};
		8A1234561234567800000039 /* Views */ = {
			isa = PBXGroup;
			children = (
				8A1234561234567800000010 /* MainTabView.swift */,
				8A1234561234567800000040 /* Auth */,
				8A1234561234567800000041 /* Dashboard */,
				8A1234561234567800000042 /* Goals */,
				8A1234561234567800000043 /* Workouts */,
				8A1234561234567800000044 /* Profile */,
			);
			path = Views;
			sourceTree = "<group>";
		};
		8A1234561234567800000040 /* Auth */ = {
			isa = PBXGroup;
			children = (
				8A1234561234567800000012 /* AuthView.swift */,
				8A1234561234567800000014 /* SignInView.swift */,
				8A1234561234567800000016 /* SignUpView.swift */,
			);
			path = Auth;
			sourceTree = "<group>";
		};
		8A1234561234567800000041 /* Dashboard */ = {
			isa = PBXGroup;
			children = (
				8A1234561234567800000018 /* DashboardView.swift */,
			);
			path = Dashboard;
			sourceTree = "<group>";
		};
		8A1234561234567800000042 /* Goals */ = {
			isa = PBXGroup;
			children = (
				8A1234561234567800000020 /* GoalsView.swift */,
				8A1234561234567800000022 /* GoalDetailView.swift */,
				8A1234561234567800000024 /* AddGoalView.swift */,
			);
			path = Goals;
			sourceTree = "<group>";
		};
		8A1234561234567800000043 /* Workouts */ = {
			isa = PBXGroup;
			children = (
				8A1234561234567800000026 /* WorkoutsView.swift */,
				8A1234561234567800000028 /* WorkoutDetailView.swift */,
				8A1234561234567800000030 /* AddWorkoutView.swift */,
			);
			path = Workouts;
			sourceTree = "<group>";
		};
		8A1234561234567800000044 /* Profile */ = {
			isa = PBXGroup;
			children = (
				8A1234561234567800000032 /* ProfileView.swift */,
			);
			path = Profile;
			sourceTree = "<group>";
		};
/* End PBXGroup section */

/* Begin PBXNativeTarget section */
		8A1234561234567800000045 /* FitJourneyApp */ = {
			isa = PBXNativeTarget;
			buildConfigurationList = 8A1234561234567800000046 /* Build configuration list for PBXNativeTarget "FitJourneyApp" */;
			buildPhases = (
				8A1234561234567800000047 /* Sources */,
				8A1234561234567800000034 /* Frameworks */,
				8A1234561234567800000048 /* Resources */,
			);
			buildRules = (
			);
			dependencies = (
			);
			name = FitJourneyApp;
			productName = FitJourneyApp;
			productReference = 8A1234561234567800000033 /* FitJourneyApp.app */;
			productType = "com.apple.product-type.application";
		};
/* End PBXNativeTarget section */

/* Begin PBXProject section */
		8A1234561234567800000049 /* Project object */ = {
			isa = PBXProject;
			attributes = {
				BuildIndependentTargetsInParallel = 1;
				LastSwiftUpdateCheck = 1340;
				LastUpgradeCheck = 1340;
				TargetAttributes = {
					8A1234561234567800000045 = {
						CreatedOnToolsVersion = 13.4;
					};
				};
			};
			buildConfigurationList = 8A1234561234567800000050 /* Build configuration list for PBXProject "FitJourney" */;
			compatibilityVersion = "Xcode 13.0";
			developmentRegion = en;
			hasScannedForEncodings = 0;
			knownRegions = (
				en,
				Base,
			);
			mainGroup = 8A1234561234567800000035;
			productRefGroup = 8A1234561234567800000037 /* Products */;
			projectDirPath = "";
			projectRoot = "";
			targets = (
				8A1234561234567800000045 /* FitJourneyApp */,
			);
		};
/* End PBXProject section */

/* Begin PBXResourcesBuildPhase section */
		8A1234561234567800000048 /* Resources */ = {
			isa = PBXResourcesBuildPhase;
			buildActionMask = 2147483647;
			files = (
			);
			runOnlyForDeploymentPostprocessing = 0;
		};
/* End PBXResourcesBuildPhase section */

/* Begin PBXSourcesBuildPhase section */
		8A1234561234567800000047 /* Sources */ = {
			isa = PBXSourcesBuildPhase;
			buildActionMask = 2147483647;
			files = (
				8A1234561234567800000001 /* FitJourneyApp.swift in Sources */,
				8A1234561234567800000003 /* AuthViewModel.swift in Sources */,
				8A1234561234567800000005 /* WorkoutViewModel.swift in Sources */,
				8A1234561234567800000007 /* GoalViewModel.swift in Sources */,
				8A1234561234567800000009 /* MainTabView.swift in Sources */,
				8A1234561234567800000011 /* AuthView.swift in Sources */,
				8A1234561234567800000013 /* SignInView.swift in Sources */,
				8A1234561234567800000015 /* SignUpView.swift in Sources */,
				8A1234561234567800000017 /* DashboardView.swift in Sources */,
				8A1234561234567800000019 /* GoalsView.swift in Sources */,
				8A1234561234567800000021 /* GoalDetailView.swift in Sources */,
				8A1234561234567800000023 /* AddGoalView.swift in Sources */,
				8A1234561234567800000025 /* WorkoutsView.swift in Sources */,
				8A1234561234567800000027 /* WorkoutDetailView.swift in Sources */,
				8A1234561234567800000029 /* AddWorkoutView.swift in Sources */,
				8A1234561234567800000031 /* ProfileView.swift in Sources */,
			);
			runOnlyForDeploymentPostprocessing = 0;
		};
/* End PBXSourcesBuildPhase section */

/* Begin XCBuildConfiguration section */
		8A1234561234567800000051 /* Debug */ = {
			isa = XCBuildConfiguration;
			buildSettings = {
				ALWAYS_SEARCH_USER_PATHS = NO;
				CLANG_ANALYZER_NONNULL = YES;
				CLANG_ANALYZER_NUMBER_OBJECT_CONVERSION = YES_AGGRESSIVE;
				CLANG_CXX_LANGUAGE_STANDARD = "gnu++17";
				CLANG_ENABLE_MODULES = YES;
				CLANG_ENABLE_OBJC_ARC = YES;
				CLANG_ENABLE_OBJC_WEAK = YES;
				CLANG_WARN_BLOCK_CAPTURE_AUTORELEASING = YES;
				CLANG_WARN_BOOL_CONVERSION = YES;
				CLANG_WARN_COMMA = YES;
				CLANG_WARN_CONSTANT_CONVERSION = YES;
				CLANG_WARN_DEPRECATED_OBJC_IMPLEMENTATIONS = YES;
				CLANG_WARN_DIRECT_OBJC_ISA_USAGE = YES_ERROR;
				CLANG_WARN_DOCUMENTATION_COMMENTS = YES;
				CLANG_WARN_EMPTY_BODY = YES;
				CLANG_WARN_ENUM_CONVERSION = YES;
				CLANG_WARN_INFINITE_RECURSION = YES;
				CLANG_WARN_INT_CONVERSION = YES;
				CLANG_WARN_NON_LITERAL_NULL_CONVERSION = YES;
				CLANG_WARN_OBJC_IMPLICIT_RETAIN_SELF = YES;
				CLANG_WARN_OBJC_LITERAL_CONVERSION = YES;
				CLANG_WARN_OBJC_ROOT_CLASS = YES_ERROR;
				CLANG_WARN_QUOTED_INCLUDE_IN_FRAMEWORK_HEADER = YES;
				CLANG_WARN_RANGE_LOOP_ANALYSIS = YES;
				CLANG_WARN_STRICT_PROTOTYPES = YES;
				CLANG_WARN_SUSPICIOUS_MOVE = YES;
				CLANG_WARN_UNGUARDED_AVAILABILITY = YES_AGGRESSIVE;
				CLANG_WARN_UNREACHABLE_CODE = YES;
				CLANG_WARN__DUPLICATE_METHOD_MATCH = YES;
				COPY_PHASE_STRIP = NO;
				DEBUG_INFORMATION_FORMAT = dwarf;
				ENABLE_STRICT_OBJC_MSGSEND = YES;
				ENABLE_TESTABILITY = YES;
				GCC_C_LANGUAGE_STANDARD = gnu11;
				GCC_DYNAMIC_NO_PIC = NO;
				GCC_NO_COMMON_BLOCKS = YES;
				GCC_OPTIMIZATION_LEVEL = 0;
				GCC_PREPROCESSOR_DEFINITIONS = (
					"DEBUG=1",
					"$(inherited)",
				);
				GCC_WARN_64_TO_32_BIT_CONVERSION = YES;
				GCC_WARN_ABOUT_RETURN_TYPE = YES_ERROR;
				GCC_WARN_UNDECLARED_SELECTOR = YES;
				GCC_WARN_UNINITIALIZED_AUTOS = YES_AGGRESSIVE;
				GCC_WARN_UNUSED_FUNCTION = YES;
				GCC_WARN_UNUSED_VARIABLE = YES;
				IPHONEOS_DEPLOYMENT_TARGET = 15.0;
				MTL_ENABLE_DEBUG_INFO = INCLUDE_SOURCE;
				MTL_FAST_MATH = YES;
				ONLY_ACTIVE_ARCH = YES;
				SDKROOT = iphoneos;
				SWIFT_ACTIVE_COMPILATION_CONDITIONS = DEBUG;
				SWIFT_OPTIMIZATION_LEVEL = "-Onone";
			};
			name = Debug;
		};
		8A1234561234567800000052 /* Release */ = {
			isa = XCBuildConfiguration;
			buildSettings = {
				ALWAYS_SEARCH_USER_PATHS = NO;
				CLANG_ANALYZER_NONNULL = YES;
				CLANG_ANALYZER_NUMBER_OBJECT_CONVERSION = YES_AGGRESSIVE;
				CLANG_CXX_LANGUAGE_STANDARD = "gnu++17";
				CLANG_ENABLE_MODULES = YES;
				CLANG_ENABLE_OBJC_ARC = YES;
				CLANG_ENABLE_OBJC_WEAK = YES;
				CLANG_WARN_BLOCK_CAPTURE_AUTORELEASING = YES;
				CLANG_WARN_BOOL_CONVERSION = YES;
				CLANG_WARN_COMMA = YES;
				CLANG_WARN_CONSTANT_CONVERSION = YES;
				CLANG_WARN_DEPRECATED_OBJC_IMPLEMENTATIONS = YES;
				CLANG_WARN_DIRECT_OBJC_ISA_USAGE = YES_ERROR;
				CLANG_WARN_DOCUMENTATION_COMMENTS = YES;
				CLANG_WARN_EMPTY_BODY = YES;
				CLANG_WARN_ENUM_CONVERSION = YES;
				CLANG_WARN_INFINITE_RECURSION = YES;
				CLANG_WARN_INT_CONVERSION = YES;
				CLANG_WARN_NON_LITERAL_NULL_CONVERSION = YES;
				CLANG_WARN_OBJC_IMPLICIT_RETAIN_SELF = YES;
				CLANG_WARN_OBJC_LITERAL_CONVERSION = YES;
				CLANG_WARN_OBJC_ROOT_CLASS = YES_ERROR;
				CLANG_WARN_QUOTED_INCLUDE_IN_FRAMEWORK_HEADER = YES;
				CLANG_WARN_RANGE_LOOP_ANALYSIS = YES;
				CLANG_WARN_STRICT_PROTOTYPES = YES;
				CLANG_WARN_SUSPICIOUS_MOVE = YES;
				CLANG_WARN_UNGUARDED_AVAILABILITY = YES_AGGRESSIVE;
				CLANG_WARN_UNREACHABLE_CODE = YES;
				CLANG_WARN__DUPLICATE_METHOD_MATCH = YES;
				COPY_PHASE_STRIP = NO;
				DEBUG_INFORMATION_FORMAT = "dwarf-with-dsym";
				ENABLE_NS_ASSERTIONS = NO;
				ENABLE_STRICT_OBJC_MSGSEND = YES;
				GCC_C_LANGUAGE_STANDARD = gnu11;
				GCC_NO_COMMON_BLOCKS = YES;
				GCC_WARN_64_TO_32_BIT_CONVERSION = YES;
				GCC_WARN_ABOUT_RETURN_TYPE = YES_ERROR;
				GCC_WARN_UNDECLARED_SELECTOR = YES;
				GCC_WARN_UNINITIALIZED_AUTOS = YES_AGGRESSIVE;
				GCC_WARN_UNUSED_FUNCTION = YES;
				GCC_WARN_UNUSED_VARIABLE = YES;
				IPHONEOS_DEPLOYMENT_TARGET = 15.0;
				MTL_ENABLE_DEBUG_INFO = NO;
				MTL_FAST_MATH = YES;
				SDKROOT = iphoneos;
				SWIFT_COMPILATION_MODE = wholemodule;
				SWIFT_OPTIMIZATION_LEVEL = "-O";
				VALIDATE_PRODUCT = YES;
			};
			name = Release;
		};
		8A1234561234567800000053 /* Debug */ = {
			isa = XCBuildConfiguration;
			buildSettings = {
				ASSETCATALOG_COMPILER_APPICON_NAME = AppIcon;
				ASSETCATALOG_COMPILER_GLOBAL_ACCENT_COLOR_NAME = AccentColor;
				CODE_SIGN_STYLE = Automatic;
				CURRENT_PROJECT_VERSION = 1;
				DEVELOPMENT_TEAM = "";
				ENABLE_PREVIEWS = YES;
				GENERATE_INFOPLIST_FILE = YES;
				INFOPLIST_KEY_UIApplicationSceneManifest_Generation = YES;
				INFOPLIST_KEY_UIApplicationSupportsIndirectInputEvents = YES;
				INFOPLIST_KEY_UILaunchScreen_Generation = YES;
				INFOPLIST_KEY_UISupportedInterfaceOrientations_iPad = "UIInterfaceOrientationPortrait UIInterfaceOrientationPortraitUpsideDown UIInterfaceOrientationLandscapeLeft UIInterfaceOrientationLandscapeRight";
				INFOPLIST_KEY_UISupportedInterfaceOrientations_iPhone = "UIInterfaceOrientationPortrait UIInterfaceOrientationLandscapeLeft UIInterfaceOrientationLandscapeRight";
				LD_RUNPATH_SEARCH_PATHS = (
					"$(inherited)",
					"@executable_path/Frameworks",
				);
				MARKETING_VERSION = 1.0;
				PRODUCT_BUNDLE_IDENTIFIER = com.example.FitJourneyApp;
				PRODUCT_NAME = "$(TARGET_NAME)";
				SWIFT_EMIT_LOC_STRINGS = YES;
				SWIFT_VERSION = 5.0;
				TARGETED_DEVICE_FAMILY = "1,2";
			};
			name = Debug;
		};
		8A1234561234567800000054 /* Release */ = {
			isa = XCBuildConfiguration;
			buildSettings = {
				ASSETCATALOG_COMPILER_APPICON_NAME = AppIcon;
				ASSETCATALOG_COMPILER_GLOBAL_ACCENT_COLOR_NAME = AccentColor;
				CODE_SIGN_STYLE = Automatic;
				CURRENT_PROJECT_VERSION = 1;
				DEVELOPMENT_TEAM = "";
				ENABLE_PREVIEWS = YES;
				GENERATE_INFOPLIST_FILE = YES;
				INFOPLIST_KEY_UIApplicationSceneManifest_Generation = YES;
				INFOPLIST_KEY_UIApplicationSupportsIndirectInputEvents = YES;
				INFOPLIST_KEY_UILaunchScreen_Generation = YES;
				INFOPLIST_KEY_UISupportedInterfaceOrientations_iPad = "UIInterfaceOrientationPortrait UIInterfaceOrientationPortraitUpsideDown UIInterfaceOrientationLandscapeLeft UIInterfaceOrientationLandscapeRight";
				INFOPLIST_KEY_UISupportedInterfaceOrientations_iPhone = "UIInterfaceOrientationPortrait UIInterfaceOrientationLandscapeLeft UIInterfaceOrientationLandscapeRight";
				LD_RUNPATH_SEARCH_PATHS = (
					"$(inherited)",
					"@executable_path/Frameworks",
				);
				MARKETING_VERSION = 1.0;
				PRODUCT_BUNDLE_IDENTIFIER = com.example.FitJourneyApp;
				PRODUCT_NAME = "$(TARGET_NAME)";
				SWIFT_EMIT_LOC_STRINGS = YES;
				SWIFT_VERSION = 5.0;
				TARGETED_DEVICE_FAMILY = "1,2";
			};
			name = Release;
		};
/* End XCBuildConfiguration section */

/* Begin XCConfigurationList section */
		8A1234561234567800000050 /* Build configuration list for PBXProject "FitJourney" */ = {
			isa = XCConfigurationList;
			buildConfigurations = (
				8A1234561234567800000051 /* Debug */,
				8A1234561234567800000052 /* Release */,
			);
			defaultConfigurationIsVisible = 0;
			defaultConfigurationName = Release;
		};
		8A1234561234567800000046 /* Build configuration list for PBXNativeTarget "FitJourneyApp" */ = {
			isa = XCConfigurationList;
			buildConfigurations = (
				8A1234561234567800000053 /* Debug */,
				8A1234561234567800000054 /* Release */,
			);
			defaultConfigurationIsVisible = 0;
			defaultConfigurationName = Release;
		};
/* End XCConfigurationList section */
	};
	rootObject = 8A1234561234567800000049 /* Project object */;
}
